{
    "name": "cdk-solution-helper",
    "version": "0.1.0",
    "lockfileVersion": 2,
    "requires": true,
    "packages": {
        "": {
            "name": "cdk-solution-helper",
            "version": "0.1.0",
            "dependencies": {
                "aws-cdk": "^1.20.0",
                "fs": "0.0.1-security"
            },
            "devDependencies": {
                "fs": "0.0.1-security"
            }
        },
        "node_modules/aws-cdk": {
            "version": "1.148.0",
            "resolved": "https://registry.npmjs.org/aws-cdk/-/aws-cdk-1.148.0.tgz",
            "integrity": "sha512-vRewuFBm6k+dPIOFVud5MX/f5WQbXRvMCN2skUub5cQLPf0uI5J/ZMLb95+/yOBcjMJezYBNrPXzVKCNOawCiw==",
            "bin": {
                "cdk": "bin/cdk"
            },
            "engines": {
                "node": ">= 10.13.0 <13 || >=13.7.0"
            },
            "optionalDependencies": {
                "fsevents": "2.3.2"
            }
        },
        "node_modules/fs": {
            "version": "0.0.1-security",
            "resolved": "https://registry.npmjs.org/fs/-/fs-0.0.1-security.tgz",
            "integrity": "sha1-invTcYa23d84E/I4WLV+yq9eQdQ=",
            "dev": true
        },
        "node_modules/fsevents": {
            "version": "2.3.2",
            "resolved": "https://registry.npmjs.org/fsevents/-/fsevents-2.3.2.tgz",
            "integrity": "sha512-xiqMQR4xAeHTuB9uWm+fFRcIOgKBMiOBP+eXiyT7jsgVCq1bkVygt00oASowB7EdtpOHaaPgKt812P9ab+DDKA==",
            "hasInstallScript": true,
            "optional": true,
            "os": [
                "darwin"
            ],
            "engines": {
                "node": "^8.16.0 || ^10.6.0 || >=11.0.0"
            }
        }
    },
    "dependencies": {
        "aws-cdk": {
            "version": "1.148.0",
            "resolved": "https://registry.npmjs.org/aws-cdk/-/aws-cdk-1.148.0.tgz",
            "integrity": "sha512-vRewuFBm6k+dPIOFVud5MX/f5WQbXRvMCN2skUub5cQLPf0uI5J/ZMLb95+/yOBcjMJezYBNrPXzVKCNOawCiw==",
            "requires": {
                "fsevents": "2.3.2"
            }
        },
        "fs": {
            "version": "0.0.1-security",
            "resolved": "https://registry.npmjs.org/fs/-/fs-0.0.1-security.tgz",
            "integrity": "sha1-invTcYa23d84E/I4WLV+yq9eQdQ=",
            "dev": true
        },
        "fsevents": {
            "version": "2.3.2",
            "resolved": "https://registry.npmjs.org/fsevents/-/fsevents-2.3.2.tgz",
            "integrity": "sha512-xiqMQR4xAeHTuB9uWm+fFRcIOgKBMiOBP+eXiyT7jsgVCq1bkVygt00oASowB7EdtpOHaaPgKt812P9ab+DDKA==",
            "optional": true
        }
    }
}
